github.com/aws/aws-lambda-go v1.39.1 h1:UcuX9O3JqhQyP/rxPJEpTUUSehzqkNpwKKRFa9N+ozk=
github.com/aws/aws-lambda-go v1.39.1/go.mod h1:jwFe2KmMsHmffA1X2R09hH6lFzJQxzI8qK17ewzbQMM=
github.com/lib/pq v1.10.7 h1:p7ZhMD+KsSRozJr34udlUrhboJwWAgCg34+/ZZNvZZw=
github.com/lib/pq v1.10.7/go.mod h1:AlVN5x4E4T544tWzH6hKfbfQvm3HdbOxrmggDNAPY9o=
